// !$*UTF8*$!
{
	archiveVersion = 1;
	classes = {
	};
	objectVersion = 46;
	objects = {

/* Begin PBXBuildFile section */
		9E2E7F3615E9046F00587866 /* UIKit.framework in Frameworks */ = {isa = PBXBuildFile; fileRef = 9E2E7F3515E9046F00587866 /* UIKit.framework */; };
		9E2E7F3815E9046F00587866 /* Foundation.framework in Frameworks */ = {isa = PBXBuildFile; fileRef = 9E2E7F3715E9046F00587866 /* Foundation.framework */; };
		9E2E7F3A15E9046F00587866 /* CoreGraphics.framework in Frameworks */ = {isa = PBXBuildFile; fileRef = 9E2E7F3915E9046F00587866 /* CoreGraphics.framework */; };
		9E2E7F4015E9046F00587866 /* InfoPlist.strings in Resources */ = {isa = PBXBuildFile; fileRef = 9E2E7F3E15E9046F00587866 /* InfoPlist.strings */; };
		9E2E7F4215E9046F00587866 /* main.m in Sources */ = {isa = PBXBuildFile; fileRef = 9E2E7F4115E9046F00587866 /* main.m */; };
		9E2E7F4615E9046F00587866 /* AppDelegate.m in Sources */ = {isa = PBXBuildFile; fileRef = 9E2E7F4515E9046F00587866 /* AppDelegate.m */; };
		9E2E7F4E15E9046F00587866 /* SenTestingKit.framework in Frameworks */ = {isa = PBXBuildFile; fileRef = 9E2E7F4D15E9046F00587866 /* SenTestingKit.framework */; };
		9E2E7F4F15E9046F00587866 /* UIKit.framework in Frameworks */ = {isa = PBXBuildFile; fileRef = 9E2E7F3515E9046F00587866 /* UIKit.framework */; };
		9E2E7F5015E9046F00587866 /* Foundation.framework in Frameworks */ = {isa = PBXBuildFile; fileRef = 9E2E7F3715E9046F00587866 /* Foundation.framework */; };
		9E2E7F5815E9046F00587866 /* InfoPlist.strings in Resources */ = {isa = PBXBuildFile; fileRef = 9E2E7F5615E9046F00587866 /* InfoPlist.strings */; };
		9E2E7F5B15E9046F00587866 /* Hackathon_2_0_Team15Tests.m in Sources */ = {isa = PBXBuildFile; fileRef = 9E2E7F5A15E9046F00587866 /* Hackathon_2_0_Team15Tests.m */; };
		9E2E7F6615E9058C00587866 /* MainViewController.m in Sources */ = {isa = PBXBuildFile; fileRef = 9E2E7F6515E9058C00587866 /* MainViewController.m */; };
/* End PBXBuildFile section */

/* Begin PBXContainerItemProxy section */
		9E2E7F5115E9046F00587866 /* PBXContainerItemProxy */ = {
			isa = PBXContainerItemProxy;
			containerPortal = 9E2E7F2815E9046E00587866 /* Project object */;
			proxyType = 1;
			remoteGlobalIDString = 9E2E7F3015E9046F00587866;
			remoteInfo = "Hackathon-2-0_Team15";
		};
/* End PBXContainerItemProxy section */

/* Begin PBXFileReference section */
		9E2E7F3115E9046F00587866 /* Hackathon-2-0_Team15.app */ = {isa = PBXFileReference; explicitFileType = wrapper.application; includeInIndex = 0; path = "Hackathon-2-0_Team15.app"; sourceTree = BUILT_PRODUCTS_DIR; };
		9E2E7F3515E9046F00587866 /* UIKit.framework */ = {isa = PBXFileReference; lastKnownFileType = wrapper.framework; name = UIKit.framework; path = System/Library/Frameworks/UIKit.framework; sourceTree = SDKROOT; };
		9E2E7F3715E9046F00587866 /* Foundation.framework */ = {isa = PBXFileReference; lastKnownFileType = wrapper.framework; name = Foundation.framework; path = System/Library/Frameworks/Foundation.framework; sourceTree = SDKROOT; };
		9E2E7F3915E9046F00587866 /* CoreGraphics.framework */ = {isa = PBXFileReference; lastKnownFileType = wrapper.framework; name = CoreGraphics.framework; path = System/Library/Frameworks/CoreGraphics.framework; sourceTree = SDKROOT; };
		9E2E7F3D15E9046F00587866 /* Hackathon-2-0_Team15-Info.plist */ = {isa = PBXFileReference; lastKnownFileType = text.plist.xml; path = "Hackathon-2-0_Team15-Info.plist"; sourceTree = "<group>"; };
		9E2E7F3F15E9046F00587866 /* en */ = {isa = PBXFileReference; lastKnownFileType = text.plist.strings; name = en; path = en.lproj/InfoPlist.strings; sourceTree = "<group>"; };
		9E2E7F4115E9046F00587866 /* main.m */ = {isa = PBXFileReference; lastKnownFileType = sourcecode.c.objc; path = main.m; sourceTree = "<group>"; };
		9E2E7F4315E9046F00587866 /* Hackathon-2-0_Team15-Prefix.pch */ = {isa = PBXFileReference; lastKnownFileType = sourcecode.c.h; path = "Hackathon-2-0_Team15-Prefix.pch"; sourceTree = "<group>"; };
		9E2E7F4415E9046F00587866 /* AppDelegate.h */ = {isa = PBXFileReference; lastKnownFileType = sourcecode.c.h; path = AppDelegate.h; sourceTree = "<group>"; };
		9E2E7F4515E9046F00587866 /* AppDelegate.m */ = {isa = PBXFileReference; lastKnownFileType = sourcecode.c.objc; path = AppDelegate.m; sourceTree = "<group>"; };
		9E2E7F4C15E9046F00587866 /* Hackathon-2-0_Team15Tests.octest */ = {isa = PBXFileReference; explicitFileType = wrapper.cfbundle; includeInIndex = 0; path = "Hackathon-2-0_Team15Tests.octest"; sourceTree = BUILT_PRODUCTS_DIR; };
		9E2E7F4D15E9046F00587866 /* SenTestingKit.framework */ = {isa = PBXFileReference; lastKnownFileType = wrapper.framework; name = SenTestingKit.framework; path = Library/Frameworks/SenTestingKit.framework; sourceTree = DEVELOPER_DIR; };
		9E2E7F5515E9046F00587866 /* Hackathon-2-0_Team15Tests-Info.plist */ = {isa = PBXFileReference; lastKnownFileType = text.plist.xml; path = "Hackathon-2-0_Team15Tests-Info.plist"; sourceTree = "<group>"; };
		9E2E7F5715E9046F00587866 /* en */ = {isa = PBXFileReference; lastKnownFileType = text.plist.strings; name = en; path = en.lproj/InfoPlist.strings; sourceTree = "<group>"; };
		9E2E7F5915E9046F00587866 /* Hackathon_2_0_Team15Tests.h */ = {isa = PBXFileReference; lastKnownFileType = sourcecode.c.h; path = Hackathon_2_0_Team15Tests.h; sourceTree = "<group>"; };
		9E2E7F5A15E9046F00587866 /* Hackathon_2_0_Team15Tests.m */ = {isa = PBXFileReference; lastKnownFileType = sourcecode.c.objc; path = Hackathon_2_0_Team15Tests.m; sourceTree = "<group>"; };
		9E2E7F6415E9058C00587866 /* MainViewController.h */ = {isa = PBXFileReference; fileEncoding = 4; lastKnownFileType = sourcecode.c.h; path = MainViewController.h; sourceTree = "<group>"; };
		9E2E7F6515E9058C00587866 /* MainViewController.m */ = {isa = PBXFileReference; fileEncoding = 4; lastKnownFileType = sourcecode.c.objc; path = MainViewController.m; sourceTree = "<group>"; };
/* End PBXFileReference section */

/* Begin PBXFrameworksBuildPhase section */
		9E2E7F2E15E9046F00587866 /* Frameworks */ = {
			isa = PBXFrameworksBuildPhase;
			buildActionMask = 2147483647;
			files = (
				9E2E7F3615E9046F00587866 /* UIKit.framework in Frameworks */,
				9E2E7F3815E9046F00587866 /* Foundation.framework in Frameworks */,
				9E2E7F3A15E9046F00587866 /* CoreGraphics.framework in Frameworks */,
			);
			runOnlyForDeploymentPostprocessing = 0;
		};
		9E2E7F4815E9046F00587866 /* Frameworks */ = {
			isa = PBXFrameworksBuildPhase;
			buildActionMask = 2147483647;
			files = (
				9E2E7F4E15E9046F00587866 /* SenTestingKit.framework in Frameworks */,
				9E2E7F4F15E9046F00587866 /* UIKit.framework in Frameworks */,
				9E2E7F5015E9046F00587866 /* Foundation.framework in Frameworks */,
			);
			runOnlyForDeploymentPostprocessing = 0;
		};
/* End PBXFrameworksBuildPhase section */

/* Begin PBXGroup section */
		9E2E7F2615E9046E00587866 = {
			isa = PBXGroup;
			children = (
				9E2E7F3B15E9046F00587866 /* Hackathon-2-0_Team15 */,
				9E2E7F5315E9046F00587866 /* Hackathon-2-0_Team15Tests */,
				9E2E7F3415E9046F00587866 /* Frameworks */,
				9E2E7F3215E9046F00587866 /* Products */,
			);
			sourceTree = "<group>";
		};
		9E2E7F3215E9046F00587866 /* Products */ = {
			isa = PBXGroup;
			children = (
				9E2E7F3115E9046F00587866 /* Hackathon-2-0_Team15.app */,
				9E2E7F4C15E9046F00587866 /* Hackathon-2-0_Team15Tests.octest */,
			);
			name = Products;
			sourceTree = "<group>";
		};
		9E2E7F3415E9046F00587866 /* Frameworks */ = {
			isa = PBXGroup;
			children = (
				9E2E7F3515E9046F00587866 /* UIKit.framework */,
				9E2E7F3715E9046F00587866 /* Foundation.framework */,
				9E2E7F3915E9046F00587866 /* CoreGraphics.framework */,
				9E2E7F4D15E9046F00587866 /* SenTestingKit.framework */,
			);
			name = Frameworks;
			sourceTree = "<group>";
		};
		9E2E7F3B15E9046F00587866 /* Hackathon-2-0_Team15 */ = {
			isa = PBXGroup;
			children = (
				9E2E7F4415E9046F00587866 /* AppDelegate.h */,
				9E2E7F4515E9046F00587866 /* AppDelegate.m */,
				9E2E7F3C15E9046F00587866 /* Supporting Files */,
				9E2E7F6415E9058C00587866 /* MainViewController.h */,
				9E2E7F6515E9058C00587866 /* MainViewController.m */,
			);
			path = "Hackathon-2-0_Team15";
			sourceTree = "<group>";
		};
		9E2E7F3C15E9046F00587866 /* Supporting Files */ = {
			isa = PBXGroup;
			children = (
				9E2E7F3D15E9046F00587866 /* Hackathon-2-0_Team15-Info.plist */,
				9E2E7F3E15E9046F00587866 /* InfoPlist.strings */,
				9E2E7F4115E9046F00587866 /* main.m */,
				9E2E7F4315E9046F00587866 /* Hackathon-2-0_Team15-Prefix.pch */,
			);
			name = "Supporting Files";
			sourceTree = "<group>";
		};
		9E2E7F5315E9046F00587866 /* Hackathon-2-0_Team15Tests */ = {
			isa = PBXGroup;
			children = (
				9E2E7F5915E9046F00587866 /* Hackathon_2_0_Team15Tests.h */,
				9E2E7F5A15E9046F00587866 /* Hackathon_2_0_Team15Tests.m */,
				9E2E7F5415E9046F00587866 /* Supporting Files */,
			);
			path = "Hackathon-2-0_Team15Tests";
			sourceTree = "<group>";
		};
		9E2E7F5415E9046F00587866 /* Supporting Files */ = {
			isa = PBXGroup;
			children = (
				9E2E7F5515E9046F00587866 /* Hackathon-2-0_Team15Tests-Info.plist */,
				9E2E7F5615E9046F00587866 /* InfoPlist.strings */,
			);
			name = "Supporting Files";
			sourceTree = "<group>";
		};
/* End PBXGroup section */

/* Begin PBXNativeTarget section */
		9E2E7F3015E9046F00587866 /* Hackathon-2-0_Team15 */ = {
			isa = PBXNativeTarget;
			buildConfigurationList = 9E2E7F5E15E9046F00587866 /* Build configuration list for PBXNativeTarget "Hackathon-2-0_Team15" */;
			buildPhases = (
				9E2E7F2D15E9046F00587866 /* Sources */,
				9E2E7F2E15E9046F00587866 /* Frameworks */,
				9E2E7F2F15E9046F00587866 /* Resources */,
			);
			buildRules = (
			);
			dependencies = (
			);
			name = "Hackathon-2-0_Team15";
			productName = "Hackathon-2-0_Team15";
			productReference = 9E2E7F3115E9046F00587866 /* Hackathon-2-0_Team15.app */;
			productType = "com.apple.product-type.application";
		};
		9E2E7F4B15E9046F00587866 /* Hackathon-2-0_Team15Tests */ = {
			isa = PBXNativeTarget;
			buildConfigurationList = 9E2E7F6115E9046F00587866 /* Build configuration list for PBXNativeTarget "Hackathon-2-0_Team15Tests" */;
			buildPhases = (
				9E2E7F4715E9046F00587866 /* Sources */,
				9E2E7F4815E9046F00587866 /* Frameworks */,
				9E2E7F4915E9046F00587866 /* Resources */,
				9E2E7F4A15E9046F00587866 /* ShellScript */,
			);
			buildRules = (
			);
			dependencies = (
				9E2E7F5215E9046F00587866 /* PBXTargetDependency */,
			);
			name = "Hackathon-2-0_Team15Tests";
			productName = "Hackathon-2-0_Team15Tests";
			productReference = 9E2E7F4C15E9046F00587866 /* Hackathon-2-0_Team15Tests.octest */;
			productType = "com.apple.product-type.bundle";
		};
/* End PBXNativeTarget section */

/* Begin PBXProject section */
		9E2E7F2815E9046E00587866 /* Project object */ = {
			isa = PBXProject;
			attributes = {
				LastUpgradeCheck = 0430;
			};
			buildConfigurationList = 9E2E7F2B15E9046E00587866 /* Build configuration list for PBXProject "Hackathon-2-0_Team15" */;
			compatibilityVersion = "Xcode 3.2";
			developmentRegion = English;
			hasScannedForEncodings = 0;
			knownRegions = (
				en,
			);
			mainGroup = 9E2E7F2615E9046E00587866;
			productRefGroup = 9E2E7F3215E9046F00587866 /* Products */;
			projectDirPath = "";
			projectRoot = "";
			targets = (
				9E2E7F3015E9046F00587866 /* Hackathon-2-0_Team15 */,
				9E2E7F4B15E9046F00587866 /* Hackathon-2-0_Team15Tests */,
			);
		};
/* End PBXProject section */

/* Begin PBXResourcesBuildPhase section */
		9E2E7F2F15E9046F00587866 /* Resources */ = {
			isa = PBXResourcesBuildPhase;
			buildActionMask = 2147483647;
			files = (
				9E2E7F4015E9046F00587866 /* InfoPlist.strings in Resources */,
			);
			runOnlyForDeploymentPostprocessing = 0;
		};
		9E2E7F4915E9046F00587866 /* Resources */ = {
			isa = PBXResourcesBuildPhase;
			buildActionMask = 2147483647;
			files = (
				9E2E7F5815E9046F00587866 /* InfoPlist.strings in Resources */,
			);
			runOnlyForDeploymentPostprocessing = 0;
		};
/* End PBXResourcesBuildPhase section */

/* Begin PBXShellScriptBuildPhase section */
		9E2E7F4A15E9046F00587866 /* ShellScript */ = {
			isa = PBXShellScriptBuildPhase;
			buildActionMask = 2147483647;
			files = (
			);
			inputPaths = (
			);
			outputPaths = (
			);
			runOnlyForDeploymentPostprocessing = 0;
			shellPath = /bin/sh;
			shellScript = "# Run the unit tests in this test bundle.\n\"${SYSTEM_DEVELOPER_DIR}/Tools/RunUnitTests\"\n";
		};
/* End PBXShellScriptBuildPhase section */

/* Begin PBXSourcesBuildPhase section */
		9E2E7F2D15E9046F00587866 /* Sources */ = {
			isa = PBXSourcesBuildPhase;
			buildActionMask = 2147483647;
			files = (
				9E2E7F4215E9046F00587866 /* main.m in Sources */,
				9E2E7F4615E9046F00587866 /* AppDelegate.m in Sources */,
				9E2E7F6615E9058C00587866 /* MainViewController.m in Sources */,
			);
			runOnlyForDeploymentPostprocessing = 0;
		};
		9E2E7F4715E9046F00587866 /* Sources */ = {
			isa = PBXSourcesBuildPhase;
			buildActionMask = 2147483647;
			files = (
				9E2E7F5B15E9046F00587866 /* Hackathon_2_0_Team15Tests.m in Sources */,
			);
			runOnlyForDeploymentPostprocessing = 0;
		};
/* End PBXSourcesBuildPhase section */

/* Begin PBXTargetDependency section */
		9E2E7F5215E9046F00587866 /* PBXTargetDependency */ = {
			isa = PBXTargetDependency;
			target = 9E2E7F3015E9046F00587866 /* Hackathon-2-0_Team15 */;
			targetProxy = 9E2E7F5115E9046F00587866 /* PBXContainerItemProxy */;
		};
/* End PBXTargetDependency section */

/* Begin PBXVariantGroup section */
		9E2E7F3E15E9046F00587866 /* InfoPlist.strings */ = {
			isa = PBXVariantGroup;
			children = (
				9E2E7F3F15E9046F00587866 /* en */,
			);
			name = InfoPlist.strings;
			sourceTree = "<group>";
		};
		9E2E7F5615E9046F00587866 /* InfoPlist.strings */ = {
			isa = PBXVariantGroup;
			children = (
				9E2E7F5715E9046F00587866 /* en */,
			);
			name = InfoPlist.strings;
			sourceTree = "<group>";
		};
/* End PBXVariantGroup section */

/* Begin XCBuildConfiguration section */
		9E2E7F5C15E9046F00587866 /* Debug */ = {
			isa = XCBuildConfiguration;
			buildSettings = {
				ALWAYS_SEARCH_USER_PATHS = NO;
				ARCHS = "$(ARCHS_STANDARD_32_BIT)";
				CLANG_ENABLE_OBJC_ARC = YES;
				"CODE_SIGN_IDENTITY[sdk=iphoneos*]" = "iPhone Developer";
				COPY_PHASE_STRIP = NO;
				GCC_C_LANGUAGE_STANDARD = gnu99;
				GCC_DYNAMIC_NO_PIC = NO;
				GCC_OPTIMIZATION_LEVEL = 0;
				GCC_PREPROCESSOR_DEFINITIONS = (
					"DEBUG=1",
					"$(inherited)",
				);
				GCC_SYMBOLS_PRIVATE_EXTERN = NO;
				GCC_VERSION = com.apple.compilers.llvm.clang.1_0;
				GCC_WARN_ABOUT_RETURN_TYPE = YES;
				GCC_WARN_UNINITIALIZED_AUTOS = YES;
				GCC_WARN_UNUSED_VARIABLE = YES;
				IPHONEOS_DEPLOYMENT_TARGET = 5.1;
				SDKROOT = iphoneos;
			};
			name = Debug;
		};
		9E2E7F5D15E9046F00587866 /* Release */ = {
			isa = XCBuildConfiguration;
			buildSettings = {
				ALWAYS_SEARCH_USER_PATHS = NO;
				ARCHS = "$(ARCHS_STANDARD_32_BIT)";
				CLANG_ENABLE_OBJC_ARC = YES;
				"CODE_SIGN_IDENTITY[sdk=iphoneos*]" = "iPhone Developer";
				COPY_PHASE_STRIP = YES;
				GCC_C_LANGUAGE_STANDARD = gnu99;
				GCC_VERSION = com.apple.compilers.llvm.clang.1_0;
				GCC_WARN_ABOUT_RETURN_TYPE = YES;
				GCC_WARN_UNINITIALIZED_AUTOS = YES;
				GCC_WARN_UNUSED_VARIABLE = YES;
				IPHONEOS_DEPLOYMENT_TARGET = 5.1;
				OTHER_CFLAGS = "-DNS_BLOCK_ASSERTIONS=1";
				SDKROOT = iphoneos;
				VALIDATE_PRODUCT = YES;
			};
			name = Release;
		};
		9E2E7F5F15E9046F00587866 /* Debug */ = {
			isa = XCBuildConfiguration;
			buildSettings = {
				GCC_PRECOMPILE_PREFIX_HEADER = YES;
				GCC_PREFIX_HEADER = "Hackathon-2-0_Team15/Hackathon-2-0_Team15-Prefix.pch";
				INFOPLIST_FILE = "Hackathon-2-0_Team15/Hackathon-2-0_Team15-Info.plist";
				PRODUCT_NAME = "$(TARGET_NAME)";
				WRAPPER_EXTENSION = app;
			};
			name = Debug;
		};
		9E2E7F6015E9046F00587866 /* Release */ = {
			isa = XCBuildConfiguration;
			buildSettings = {
				GCC_PRECOMPILE_PREFIX_HEADER = YES;
				GCC_PREFIX_HEADER = "Hackathon-2-0_Team15/Hackathon-2-0_Team15-Prefix.pch";
				INFOPLIST_FILE = "Hackathon-2-0_Team15/Hackathon-2-0_Team15-Info.plist";
				PRODUCT_NAME = "$(TARGET_NAME)";
				WRAPPER_EXTENSION = app;
			};
			name = Release;
		};
		9E2E7F6215E9046F00587866 /* Debug */ = {
			isa = XCBuildConfiguration;
			buildSettings = {
				BUNDLE_LOADER = "$(BUILT_PRODUCTS_DIR)/Hackathon-2-0_Team15.app/Hackathon-2-0_Team15";
				FRAMEWORK_SEARCH_PATHS = (
					"$(SDKROOT)/Developer/Library/Frameworks",
					"$(DEVELOPER_LIBRARY_DIR)/Frameworks",
				);
				GCC_PRECOMPILE_PREFIX_HEADER = YES;
				GCC_PREFIX_HEADER = "Hackathon-2-0_Team15/Hackathon-2-0_Team15-Prefix.pch";
				INFOPLIST_FILE = "Hackathon-2-0_Team15Tests/Hackathon-2-0_Team15Tests-Info.plist";
				PRODUCT_NAME = "$(TARGET_NAME)";
				TEST_HOST = "$(BUNDLE_LOADER)";
				WRAPPER_EXTENSION = octest;
			};
			name = Debug;
		};
		9E2E7F6315E9046F00587866 /* Release */ = {
			isa = XCBuildConfiguration;
			buildSettings = {
				BUNDLE_LOADER = "$(BUILT_PRODUCTS_DIR)/Hackathon-2-0_Team15.app/Hackathon-2-0_Team15";
				FRAMEWORK_SEARCH_PATHS = (
					"$(SDKROOT)/Developer/Library/Frameworks",
					"$(DEVELOPER_LIBRARY_DIR)/Frameworks",
				);
				GCC_PRECOMPILE_PREFIX_HEADER = YES;
				GCC_PREFIX_HEADER = "Hackathon-2-0_Team15/Hackathon-2-0_Team15-Prefix.pch";
				INFOPLIST_FILE = "Hackathon-2-0_Team15Tests/Hackathon-2-0_Team15Tests-Info.plist";
				PRODUCT_NAME = "$(TARGET_NAME)";
				TEST_HOST = "$(BUNDLE_LOADER)";
				WRAPPER_EXTENSION = octest;
			};
			name = Release;
		};
/* End XCBuildConfiguration section */

/* Begin XCConfigurationList section */
		9E2E7F2B15E9046E00587866 /* Build configuration list for PBXProject "Hackathon-2-0_Team15" */ = {
			isa = XCConfigurationList;
			buildConfigurations = (
				9E2E7F5C15E9046F00587866 /* Debug */,
				9E2E7F5D15E9046F00587866 /* Release */,
			);
			defaultConfigurationIsVisible = 0;
			defaultConfigurationName = Release;
		};
		9E2E7F5E15E9046F00587866 /* Build configuration list for PBXNativeTarget "Hackathon-2-0_Team15" */ = {
			isa = XCConfigurationList;
			buildConfigurations = (
				9E2E7F5F15E9046F00587866 /* Debug */,
				9E2E7F6015E9046F00587866 /* Release */,
			);
			defaultConfigurationIsVisible = 0;
		};
		9E2E7F6115E9046F00587866 /* Build configuration list for PBXNativeTarget "Hackathon-2-0_Team15Tests" */ = {
			isa = XCConfigurationList;
			buildConfigurations = (
				9E2E7F6215E9046F00587866 /* Debug */,
				9E2E7F6315E9046F00587866 /* Release */,
			);
			defaultConfigurationIsVisible = 0;
		};
/* End XCConfigurationList section */
	};
	rootObject = 9E2E7F2815E9046E00587866 /* Project object */;
}
